
Microsoft Visual Studio Solution File, Format Version 12.00
# Visual Studio 15
VisualStudioVersion = 15.0.28307.329
MinimumVisualStudioVersion = 10.0.40219.1
Project("{FAE04EC0-301F-11D3-BF4B-00C04F79EFBC}") = "VirtualUIEvents", "VirtualUIEvents.csproj", "{97819F14-272B-4511-9A14-97B3EEFA159C}"
EndProject
Global
	GlobalSection(SolutionConfigurationPlatforms) = preSolution
		Debug|Any CPU = Debug|Any CPU
		Release|Any CPU = Release|Any CPU
	EndGlobalSection
	GlobalSection(ProjectConfigurationPlatforms) = postSolution
		{97819F14-272B-4511-9A14-97B3EEFA159C}.Debug|Any CPU.ActiveCfg = Debug|Any CPU
		{97819F14-272B-4511-9A14-97B3EEFA159C}.Debug|Any CPU.Build.0 = Debug|Any CPU
		{97819F14-272B-4511-9A14-97B3EEFA159C}.Release|Any CPU.ActiveCfg = Release|Any CPU
		{97819F14-272B-4511-9A14-97B3EEFA159C}.Release|Any CPU.Build.0 = Release|Any CPU
	EndGlobalSection
	GlobalSection(SolutionProperties) = preSolution
		HideSolutionNode = FALSE
	EndGlobalSection
	GlobalSection(ExtensibilityGlobals) = postSolution
		SolutionGuid = {850FD34E-2766-480C-B837-A1C26EDE8032}
	EndGlobalSection
EndGlobal
