
Microsoft Visual Studio Solution File, Format Version 12.00
# Visual Studio Version 16
VisualStudioVersion = 16.0.29728.190
MinimumVisualStudioVersion = 10.0.40219.1
Project("{FAE04EC0-301F-11D3-BF4B-00C04F79EFBC}") = "RemotePrinterPrintFileDemoNet", "RemotePrinterPrintFileDemoNet.csproj", "{04A5DF34-58D4-4B4D-9087-B3D2ABCF0803}"
EndProject
Project("{F184B08F-C81C-45F6-A57F-5ABD9991F28F}") = "RemotePrinterPrintFileDemoVBNet", "..\RemotePrinterPrintFileDemoVBNet\RemotePrinterPrintFileDemoVBNet.vbproj", "{00F09542-8B4E-4A78-BB82-44F298C9AA77}"
EndProject
Global
	GlobalSection(SolutionConfigurationPlatforms) = preSolution
		Debug|Any CPU = Debug|Any CPU
		Debug|x64 = Debug|x64
		Release|Any CPU = Release|Any CPU
		Release|x64 = Release|x64
	EndGlobalSection
	GlobalSection(ProjectConfigurationPlatforms) = postSolution
		{04A5DF34-58D4-4B4D-9087-B3D2ABCF0803}.Debug|Any CPU.ActiveCfg = Debug|x64
		{04A5DF34-58D4-4B4D-9087-B3D2ABCF0803}.Debug|Any CPU.Build.0 = Debug|x64
		{04A5DF34-58D4-4B4D-9087-B3D2ABCF0803}.Debug|x64.ActiveCfg = Debug|x64
		{04A5DF34-58D4-4B4D-9087-B3D2ABCF0803}.Debug|x64.Build.0 = Debug|x64
		{04A5DF34-58D4-4B4D-9087-B3D2ABCF0803}.Release|Any CPU.ActiveCfg = Release|Any CPU
		{04A5DF34-58D4-4B4D-9087-B3D2ABCF0803}.Release|Any CPU.Build.0 = Release|Any CPU
		{04A5DF34-58D4-4B4D-9087-B3D2ABCF0803}.Release|x64.ActiveCfg = Release|x64
		{04A5DF34-58D4-4B4D-9087-B3D2ABCF0803}.Release|x64.Build.0 = Release|x64
		{00F09542-8B4E-4A78-BB82-44F298C9AA77}.Debug|Any CPU.ActiveCfg = Debug|Any CPU
		{00F09542-8B4E-4A78-BB82-44F298C9AA77}.Debug|Any CPU.Build.0 = Debug|Any CPU
		{00F09542-8B4E-4A78-BB82-44F298C9AA77}.Debug|x64.ActiveCfg = Debug|x64
		{00F09542-8B4E-4A78-BB82-44F298C9AA77}.Debug|x64.Build.0 = Debug|x64
		{00F09542-8B4E-4A78-BB82-44F298C9AA77}.Release|Any CPU.ActiveCfg = Release|Any CPU
		{00F09542-8B4E-4A78-BB82-44F298C9AA77}.Release|Any CPU.Build.0 = Release|Any CPU
		{00F09542-8B4E-4A78-BB82-44F298C9AA77}.Release|x64.ActiveCfg = Release|x64
		{00F09542-8B4E-4A78-BB82-44F298C9AA77}.Release|x64.Build.0 = Release|x64
	EndGlobalSection
	GlobalSection(SolutionProperties) = preSolution
		HideSolutionNode = FALSE
	EndGlobalSection
	GlobalSection(ExtensibilityGlobals) = postSolution
		SolutionGuid = {1A302345-FFF5-4732-8E42-5B47D60A5D15}
	EndGlobalSection
EndGlobal
