
Microsoft Visual Studio Solution File, Format Version 12.00
# Visual Studio Version 16
VisualStudioVersion = 16.0.31605.320
MinimumVisualStudioVersion = 10.0.40219.1
Project("{FAE04EC0-301F-11D3-BF4B-00C04F79EFBC}") = "CSharp-Dojo", "CSharp-Dojo\CSharp-Dojo.csproj", "{F4909FBF-263A-4C37-B039-8B9203473A47}"
EndProject
Global
	GlobalSection(SolutionConfigurationPlatforms) = preSolution
		Debug|Any CPU = Debug|Any CPU
		Release|Any CPU = Release|Any CPU
	EndGlobalSection
	GlobalSection(ProjectConfigurationPlatforms) = postSolution
		{F4909FBF-263A-4C37-B039-8B9203473A47}.Debug|Any CPU.ActiveCfg = Debug|Any CPU
		{F4909FBF-263A-4C37-B039-8B9203473A47}.Debug|Any CPU.Build.0 = Debug|Any CPU
		{F4909FBF-263A-4C37-B039-8B9203473A47}.Release|Any CPU.ActiveCfg = Release|Any CPU
		{F4909FBF-263A-4C37-B039-8B9203473A47}.Release|Any CPU.Build.0 = Release|Any CPU
	EndGlobalSection
	GlobalSection(SolutionProperties) = preSolution
		HideSolutionNode = FALSE
	EndGlobalSection
	GlobalSection(ExtensibilityGlobals) = postSolution
		SolutionGuid = {F3F9C203-04D4-40DB-AF9D-E303381C2483}
	EndGlobalSection
EndGlobal
