
Microsoft Visual Studio Solution File, Format Version 12.00
# Visual Studio Version 16
VisualStudioVersion = 16.0.30225.117
MinimumVisualStudioVersion = 10.0.40219.1
Project("{FAE04EC0-301F-11D3-BF4B-00C04F79EFBC}") = "TestSetImageQualityByWnd", "TestSetImageQualityByWnd.csproj", "{2A16CB08-648F-4FE1-8587-EA6C0E00E67F}"
EndProject
Global
	GlobalSection(SolutionConfigurationPlatforms) = preSolution
		Debug|Any CPU = Debug|Any CPU
		Release|Any CPU = Release|Any CPU
	EndGlobalSection
	GlobalSection(ProjectConfigurationPlatforms) = postSolution
		{2A16CB08-648F-4FE1-8587-EA6C0E00E67F}.Debug|Any CPU.ActiveCfg = Debug|Any CPU
		{2A16CB08-648F-4FE1-8587-EA6C0E00E67F}.Debug|Any CPU.Build.0 = Debug|Any CPU
		{2A16CB08-648F-4FE1-8587-EA6C0E00E67F}.Release|Any CPU.ActiveCfg = Release|Any CPU
		{2A16CB08-648F-4FE1-8587-EA6C0E00E67F}.Release|Any CPU.Build.0 = Release|Any CPU
	EndGlobalSection
	GlobalSection(SolutionProperties) = preSolution
		HideSolutionNode = FALSE
	EndGlobalSection
	GlobalSection(ExtensibilityGlobals) = postSolution
		SolutionGuid = {2BC475BC-3EAC-4E05-AA03-7A0AA93D7655}
	EndGlobalSection
EndGlobal
