
Microsoft Visual Studio Solution File, Format Version 12.00
# Visual Studio Version 16
VisualStudioVersion = 16.0.31424.327
MinimumVisualStudioVersion = 10.0.40219.1
Project("{FAE04EC0-301F-11D3-BF4B-00C04F79EFBC}") = "MS-URI-Scheme-Demo", "MS-URI-Scheme-Demo\MS-URI-Scheme-Demo.csproj", "{6B2627E2-C1E8-4B3A-87A8-A597B54ABA2D}"
EndProject
Global
	GlobalSection(SolutionConfigurationPlatforms) = preSolution
		Debug|Any CPU = Debug|Any CPU
		Release|Any CPU = Release|Any CPU
	EndGlobalSection
	GlobalSection(ProjectConfigurationPlatforms) = postSolution
		{6B2627E2-C1E8-4B3A-87A8-A597B54ABA2D}.Debug|Any CPU.ActiveCfg = Debug|Any CPU
		{6B2627E2-C1E8-4B3A-87A8-A597B54ABA2D}.Debug|Any CPU.Build.0 = Debug|Any CPU
		{6B2627E2-C1E8-4B3A-87A8-A597B54ABA2D}.Release|Any CPU.ActiveCfg = Release|Any CPU
		{6B2627E2-C1E8-4B3A-87A8-A597B54ABA2D}.Release|Any CPU.Build.0 = Release|Any CPU
	EndGlobalSection
	GlobalSection(SolutionProperties) = preSolution
		HideSolutionNode = FALSE
	EndGlobalSection
	GlobalSection(ExtensibilityGlobals) = postSolution
		SolutionGuid = {F72E2469-4D17-45A5-8DE6-760CC7CC08A7}
	EndGlobalSection
EndGlobal
