
Microsoft Visual Studio Solution File, Format Version 12.00
# Visual Studio Version 16
VisualStudioVersion = 16.0.31605.320
MinimumVisualStudioVersion = 10.0.40219.1
Project("{FAE04EC0-301F-11D3-BF4B-00C04F79EFBC}") = "SetClipboardCSharp", "SetClipboardCSharp\SetClipboardCSharp.csproj", "{9428E973-E69E-4C74-B7F9-047D78A75109}"
EndProject
Global
	GlobalSection(SolutionConfigurationPlatforms) = preSolution
		Debug|Any CPU = Debug|Any CPU
		Release|Any CPU = Release|Any CPU
	EndGlobalSection
	GlobalSection(ProjectConfigurationPlatforms) = postSolution
		{9428E973-E69E-4C74-B7F9-047D78A75109}.Debug|Any CPU.ActiveCfg = Debug|Any CPU
		{9428E973-E69E-4C74-B7F9-047D78A75109}.Debug|Any CPU.Build.0 = Debug|Any CPU
		{9428E973-E69E-4C74-B7F9-047D78A75109}.Release|Any CPU.ActiveCfg = Release|Any CPU
		{9428E973-E69E-4C74-B7F9-047D78A75109}.Release|Any CPU.Build.0 = Release|Any CPU
	EndGlobalSection
	GlobalSection(SolutionProperties) = preSolution
		HideSolutionNode = FALSE
	EndGlobalSection
	GlobalSection(ExtensibilityGlobals) = postSolution
		SolutionGuid = {27C156D8-920C-45A6-AED0-33A1ED2BC135}
	EndGlobalSection
EndGlobal
