
Microsoft Visual Studio Solution File, Format Version 12.00
# Visual Studio 15
VisualStudioVersion = 15.0.28307.329
MinimumVisualStudioVersion = 10.0.40219.1
Project("{FAE04EC0-301F-11D3-BF4B-00C04F79EFBC}") = "VirtualUI_OAuthMethodAPI", "VirtualUI_OAuthMethodAPI.csproj", "{6A5F9DD0-E709-4FE0-A564-83073E997C3A}"
EndProject
Global
	GlobalSection(SolutionConfigurationPlatforms) = preSolution
		Debug|Any CPU = Debug|Any CPU
		Release|Any CPU = Release|Any CPU
	EndGlobalSection
	GlobalSection(ProjectConfigurationPlatforms) = postSolution
		{6A5F9DD0-E709-4FE0-A564-83073E997C3A}.Debug|Any CPU.ActiveCfg = Debug|Any CPU
		{6A5F9DD0-E709-4FE0-A564-83073E997C3A}.Debug|Any CPU.Build.0 = Debug|Any CPU
		{6A5F9DD0-E709-4FE0-A564-83073E997C3A}.Release|Any CPU.ActiveCfg = Release|Any CPU
		{6A5F9DD0-E709-4FE0-A564-83073E997C3A}.Release|Any CPU.Build.0 = Release|Any CPU
	EndGlobalSection
	GlobalSection(SolutionProperties) = preSolution
		HideSolutionNode = FALSE
	EndGlobalSection
	GlobalSection(ExtensibilityGlobals) = postSolution
		SolutionGuid = {C8862A28-696C-4E3A-B0CD-60C888F79E5B}
	EndGlobalSection
EndGlobal
